{
    "_readme": [
        "This file locks the dependencies of your project to a known state",
        "Read more about it at https://getcomposer.org/doc/01-basic-usage.md#installing-dependencies",
        "This file is @generated automatically"
    ],
    "content-hash": "a63cccf65cfc90288f1320d90302caf4",
    "packages": [
        {
            "name": "acrosure/acrosure-php-sdk",
            "version": "v1.0.10",
            "source": {
                "type": "git",
                "url": "https://github.com/Acrosure/acrosure-php-sdk.git",
                "reference": "d1365424da5bf2960339ad0d8dc23729696d586c"
            },
            "dist": {
                "type": "zip",
                "url": "https://api.github.com/repos/Acrosure/acrosure-php-sdk/zipball/d1365424da5bf2960339ad0d8dc23729696d586c",
                "reference": "d1365424da5bf2960339ad0d8dc23729696d586c",
                "shasum": ""
            },
            "require": {
                "php": ">=5.5.0"
            },
            "require-dev": {
                "phpunit/phpunit": "4.4.*"
            },
            "type": "library",
            "autoload": {
                "classmap": [
                    "lib/"
                ]
            },
            "notification-url": "https://packagist.org/downloads/",
            "license": [
                "MIT"
            ],
            "authors": [
                {
                    "name": "Acrosure",
                    "email": "dev@acrosure.com"
                }
            ],
            "description": "PHP SDK for connecting with Acrosure Insurance Gateway",
            "homepage": "https://github.com/acrosure/acrosure-php-sdk.git",
            "keywords": [
                "acrosure",
                "sdk"
            ],
            "time": "2018-10-29T13:21:45+00:00"
        }
    ],
    "packages-dev": [],
    "aliases": [],
    "minimum-stability": "stable",
    "stability-flags": [],
    "prefer-stable": false,
    "prefer-lowest": false,
    "platform": [],
    "platform-dev": []
}
